
Microsoft Visual Studio Solution File, Format Version 12.00
# Visual Studio Version 16
VisualStudioVersion = 16.0.29806.167
MinimumVisualStudioVersion = 10.0.40219.1
Project("{FAE04EC0-301F-11D3-BF4B-00C04F79EFBC}") = "KoronaWirusMonitor", "KoronaWirusMonitor\KoronaWirusMonitor.csproj", "{FCA79C7E-C074-433A-984C-B03F3E21B96D}"
EndProject
Global
	GlobalSection(SolutionConfigurationPlatforms) = preSolution
		Debug|Any CPU = Debug|Any CPU
		Release|Any CPU = Release|Any CPU
	EndGlobalSection
	GlobalSection(ProjectConfigurationPlatforms) = postSolution
		{FCA79C7E-C074-433A-984C-B03F3E21B96D}.Debug|Any CPU.ActiveCfg = Debug|Any CPU
		{FCA79C7E-C074-433A-984C-B03F3E21B96D}.Debug|Any CPU.Build.0 = Debug|Any CPU
		{FCA79C7E-C074-433A-984C-B03F3E21B96D}.Release|Any CPU.ActiveCfg = Release|Any CPU
		{FCA79C7E-C074-433A-984C-B03F3E21B96D}.Release|Any CPU.Build.0 = Release|Any CPU
	EndGlobalSection
	GlobalSection(SolutionProperties) = preSolution
		HideSolutionNode = FALSE
	EndGlobalSection
	GlobalSection(ExtensibilityGlobals) = postSolution
		SolutionGuid = {48B13856-A7EF-44A7-A01F-A22F6C2B08A8}
	EndGlobalSection
EndGlobal
